PODS:
  - ActionSheetPicker-3.0 (2.2.0)
  - Alamofire (4.8.0)
  - AutoInsetter (1.5.1)
  - Bugsnag (5.20.0)
  - Cartography (3.1.0)
  - Differentiator (3.1.0)
  - Kingfisher (5.0.1)
  - Moya/Core (12.0.1):
    - Alamofire (~> 4.1)
    - Result (~> 4.0)
  - Moya/RxSwift (12.0.1):
    - Moya/Core
    - RxSwift (~> 4.0)
  - Nimble (7.3.1)
  - NonEmpty (0.1.2)
  - Pageboy (3.0.7)
  - R.swift (5.0.0):
    - R.swift.Library (~> 5.0.0)
  - R.swift.Library (5.0.0)
  - Realm (3.7.6):
    - Realm/Headers (= 3.7.6)
  - Realm/Headers (3.7.6)
  - RealmSwift (3.7.6):
    - Realm (= 3.7.6)
  - Result (4.0.0)
  - RxAtomic (4.4.0)
  - RxCocoa (4.4.0):
    - RxSwift (~> 4.0)
  - RxDataSources (3.1.0):
    - Differentiator (~> 3.0)
    - RxCocoa (~> 4.0)
    - RxSwift (~> 4.0)
  - RxRealm (0.7.6):
    - RealmSwift (~> 3.0)
    - RxSwift (~> 4.0)
  - RxSwift (4.4.0):
    - RxAtomic (~> 4.4)
  - RxTest (4.4.0):
    - RxAtomic (~> 4.4)
    - RxSwift (~> 4.0)
  - SwiftLint (0.29.2)
  - Tabman (2.1.4):
    - AutoInsetter (~> 1.5)
    - Pageboy (~> 3.0)
  - TMDB (0.1.0):
    - Moya/RxSwift (= 12.0.1)
    - SwiftLint (= 0.29.2)
  - Trakt (0.1.0):
    - Moya/RxSwift (= 12.0.1)
    - SwiftLint (= 0.29.2)
  - TVDB (0.1.0):
    - Moya/RxSwift (= 12.0.1)
    - SwiftLint (= 0.29.2)

DEPENDENCIES:
  - ActionSheetPicker-3.0 (= 2.2.0)
  - Bugsnag
  - Cartography (= 3.1.0)
  - Kingfisher (= 5.0.1)
  - Nimble (= 7.3.1)
  - NonEmpty (= 0.1.2)
  - R.swift (= 5.0.0)
  - RealmSwift (= 3.7.6)
  - RxCocoa (= 4.4.0)
  - RxDataSources (= 3.1.0)
  - RxRealm (= 0.7.6)
  - RxSwift (= 4.4.0)
  - RxTest (= 4.4.0)
  - Tabman (= 2.1.4)
  - TMDB (from `./vendor/TMDB-Swift`)
  - Trakt (from `./vendor/Trakt-Swift`)
  - TVDB (from `./vendor/TVDB-Swift`)

SPEC REPOS:
  https://github.com/cocoapods/specs.git:
    - ActionSheetPicker-3.0
    - Alamofire
    - AutoInsetter
    - Bugsnag
    - Cartography
    - Differentiator
    - Kingfisher
    - Moya
    - Nimble
    - NonEmpty
    - Pageboy
    - R.swift
    - R.swift.Library
    - Realm
    - RealmSwift
    - Result
    - RxAtomic
    - RxCocoa
    - RxDataSources
    - RxRealm
    - RxSwift
    - RxTest
    - SwiftLint
    - Tabman

EXTERNAL SOURCES:
  TMDB:
    :path: "./vendor/TMDB-Swift"
  Trakt:
    :path: "./vendor/Trakt-Swift"
  TVDB:
    :path: "./vendor/TVDB-Swift"

SPEC CHECKSUMS:
  ActionSheetPicker-3.0: d11a4c12c6aaf704b8a3f56d179198c99f3e41e6
  Alamofire: 3ec537f71edc9804815215393ae2b1a8ea33a844
  AutoInsetter: 249b103e316d5a9f2c7b88193e966f59bc1aa7b2
  Bugsnag: 004de6246295afd742093871d10ebaede63aa02c
  Cartography: 1988b7578871a56c036e7af17195cb2190edf18c
  Differentiator: be49ca3408f0ecfc761e4c7763d20c62be01b9ad
  Kingfisher: 4f771421b9208185217550528a06fd48756cb7c2
  Moya: cf730b3cd9e005401ef37a85143aa141a12fd38f
  Nimble: 04f732da099ea4d153122aec8c2a88fd0c7219ae
  NonEmpty: b1054f956f717e9f771d379485c9dd7c2bc65a74
  Pageboy: 8210fff0db9dd487f58dc9769d5d046f2618ebe0
  R.swift: f88c7d7d48a2be4dffa132dde1b3d389620310eb
  R.swift.Library: 0bf390e729bc10bb2c9e4fb78bd043164a7be4ff
  Realm: 9eaecad54712d6246d08ba34c10f354e4715d7d3
  RealmSwift: 1fe08b4ebaeeaacf17f9ba0343f7b25c9fc31fa6
  Result: 7645bb3f50c2ce726dd0ff2fa7b6f42bbe6c3713
  RxAtomic: eacf60db868c96bfd63320e28619fe29c179656f
  RxCocoa: df63ebf7b9a70d6b4eeea407ed5dd4efc8979749
  RxDataSources: a843bad90c29817f5923ec8163f4af2de084ceb3
  RxRealm: 5379eddd74f8d617ca7681d1f8d144af25b432b0
  RxSwift: 5976ecd04fc2fefd648827c23de5e11157faa973
  RxTest: 19d03286bdc0a3aaea5d61d4cde31fdf4bb8a5ba
  SwiftLint: 47df60bdea6e7e902b193b6596db8683aafd86a3
  Tabman: f8a6a1967312077334631d2f67010fe905a545f1
  TMDB: c898c13c09362e35225a92badb51a406b692e844
  Trakt: 98bf8f1ef173603deff3a4c0eeda818522529bb6
  TVDB: 02147961f77ddc25989b72bff5746e3da78ffb3d

PODFILE CHECKSUM: 57e6c4296d465c5f8334c501070520012a3cfa0f

COCOAPODS: 1.5.3
