PODS:
  - ActionSheetPicker-3.0 (2.2.0)
  - Alamofire (4.7.2)
  - Kingfisher (4.2.0)
  - Moya/Core (10.0.0):
    - Alamofire (~> 4.1)
    - Result (~> 3.0)
  - Moya/RxSwift (10.0.0):
    - Moya/Core
    - RxSwift (~> 4.0)
  - Nimble (7.1.1)
  - Pageboy (2.3.4)
  - R.swift (4.0.0):
    - R.swift.Library (~> 4.0.0)
  - R.swift.Library (4.0.0)
  - Realm (3.7.2):
    - Realm/Headers (= 3.7.2)
  - Realm/Headers (3.7.2)
  - RealmSwift (3.7.2):
    - Realm (= 3.7.2)
  - Result (3.2.4)
  - RxCocoa (4.2.0):
    - RxSwift (~> 4.0)
  - RxRealm (0.7.5):
    - RealmSwift (~> 3.0)
    - RxSwift (~> 4.0)
  - RxSwift (4.2.0)
  - RxTest (4.2.0):
    - RxSwift (~> 4.0)
  - SwiftLint (0.23.1)
  - Tabman (1.4.0):
    - Pageboy (~> 2.3.0)
  - TMDB (0.1.0):
    - Moya/RxSwift (= 10.0.0)
    - SwiftLint (= 0.23.1)
  - Trakt (0.1.0):
    - Moya/RxSwift (= 10.0.0)
    - SwiftLint (= 0.23.1)
  - TVDB (0.1.0):
    - Moya/RxSwift (= 10.0.0)
    - SwiftLint (= 0.23.1)

DEPENDENCIES:
  - ActionSheetPicker-3.0 (= 2.2.0)
  - Kingfisher (= 4.2.0)
  - Nimble (= 7.1.1)
  - R.swift (= 4.0.0)
  - RxCocoa (= 4.2.0)
  - RxRealm (= 0.7.5)
  - RxSwift (= 4.2.0)
  - RxTest (= 4.2.0)
  - SwiftLint (= 0.23.1)
  - Tabman (= 1.4.0)
  - TMDB (from `https://github.com/pietrocaselani/TMDB-Swift.git`)
  - Trakt (from `https://github.com/pietrocaselani/Trakt-Swift.git`)
  - TVDB (from `https://github.com/pietrocaselani/TVDB-Swift.git`)

EXTERNAL SOURCES:
  TMDB:
    :git: https://github.com/pietrocaselani/TMDB-Swift.git
  Trakt:
    :git: https://github.com/pietrocaselani/Trakt-Swift.git
  TVDB:
    :git: https://github.com/pietrocaselani/TVDB-Swift.git

CHECKOUT OPTIONS:
  TMDB:
    :commit: bfeefe6cba746a7b9128538090b005891c9f6164
    :git: https://github.com/pietrocaselani/TMDB-Swift.git
  Trakt:
    :commit: ae6c720b01a3e7cf501bedaccbbc3f7a8395bbfd
    :git: https://github.com/pietrocaselani/Trakt-Swift.git
  TVDB:
    :commit: 43ea1db6f5c405596469e10f6486cb57967ac0ca
    :git: https://github.com/pietrocaselani/TVDB-Swift.git

SPEC CHECKSUMS:
  ActionSheetPicker-3.0: d11a4c12c6aaf704b8a3f56d179198c99f3e41e6
  Alamofire: e4fa87002c137ba2d8d634d2c51fabcda0d5c223
  Kingfisher: 9ee7e788d8ba07c3f21ce0d43f33cec310a4f781
  Moya: adb58b0f4e58430db43cc6e2f6ebab1836501186
  Nimble: 391f07782af4b37914f9bd7b2ffbb952731b8202
  Pageboy: 502560f49b0357eaf8a3b6075e4cab29505079a3
  R.swift: d6a5ec2f55a8441dc0ed9f1f8b37d7d11ae85c66
  R.swift.Library: c3af34921024333546e23b70e70d0b4e0cffca75
  Realm: dd18c3014e8d90df300b83c6da740067436089c5
  RealmSwift: 79917cae59a0c43ef8118b233a5978891dd50b4a
  Result: d2d07204ce72856f1fd9130bbe42c35a7b0fea10
  RxCocoa: 0b54909c902e1e581212a03e690bbd94032d8baa
  RxRealm: a6c6c0a07cb61f34209969ca6657734edfdfff30
  RxSwift: 99e10317ddfcc7fbe01356aafd118fde4a0be104
  RxTest: 8da864c0ee47534f586ff18fb0c7e5b2f1fe5023
  SwiftLint: 1b670ce79284c76520f84060e87d645078fd32fa
  Tabman: 348ff2d3fc88587ef60bae5bce6698a8e1984cc2
  TMDB: a40d7d20901ca1b15a12ac6edcd08175b24fb15c
  Trakt: 5b72761cacd5972da6355e97e4d431c8b2545498
  TVDB: 52d0ba5d696a098729936ba0bb7674f8a3a38beb

PODFILE CHECKSUM: 9f418135f40c475412ecd58e6c3372be9b8df48b

COCOAPODS: 1.3.1
