PODS:
  - ActionSheetPicker-3.0 (2.3.0)
  - Alamofire (4.8.2)
  - AutoInsetter (1.7.1)
  - Bugsnag (5.20.0)
  - Differentiator (4.0.1)
  - KIF (3.7.7):
    - KIF/Core (= 3.7.7)
  - KIF/Core (3.7.7)
  - Kingfisher (5.5.0)
  - Moya/Core (14.0.0-alpha.1):
    - Alamofire (~> 4.1)
    - Result (~> 4.1)
  - Moya/RxSwift (14.0.0-alpha.1):
    - Moya/Core
    - RxSwift (~> 5.0)
  - Nimble (8.0.1)
  - Pageboy (3.2.2)
  - Realm (3.15.0):
    - Realm/Headers (= 3.15.0)
  - Realm/Headers (3.15.0)
  - RealmSwift (3.15.0):
    - Realm (= 3.15.0)
  - Result (4.1.0)
  - RxCocoa (5.0.1):
    - RxRelay (~> 5)
    - RxSwift (~> 5)
  - RxDataSources (4.0.1):
    - Differentiator (~> 4.0)
    - RxCocoa (~> 5.0)
    - RxSwift (~> 5.0)
  - RxRealm (1.0.0):
    - RealmSwift (~> 3.14)
    - RxSwift (~> 5.0)
  - RxRelay (5.0.0):
    - RxSwift (~> 5)
  - RxSwift (5.0.1)
  - RxTest (5.0.1):
    - RxSwift (~> 5)
  - SnapKit (5.0.0)
  - Tabman (2.4.2):
    - AutoInsetter (~> 1.7)
    - Pageboy (~> 3.2)

DEPENDENCIES:
  - ActionSheetPicker-3.0 (= 2.3.0)
  - Bugsnag
  - KIF (= 3.7.7)
  - Kingfisher (= 5.5.0)
  - Moya/RxSwift (from `https://github.com/Moya/Moya.git`, tag `14.0.0-alpha.1`)
  - Nimble (= 8.0.1)
  - RealmSwift (= 3.15.0)
  - RxCocoa (from `https://github.com/ReactiveX/RxSwift.git`, tag `5.0.1`)
  - RxDataSources (= 4.0.1)
  - RxRealm (= 1.0.0)
  - RxSwift (from `https://github.com/ReactiveX/RxSwift.git`, tag `5.0.1`)
  - RxTest (from `https://github.com/ReactiveX/RxSwift.git`, tag `5.0.1`)
  - SnapKit (= 5.0.0)
  - Tabman (= 2.4.2)

SPEC REPOS:
  https://github.com/cocoapods/specs.git:
    - ActionSheetPicker-3.0
    - Alamofire
    - AutoInsetter
    - Bugsnag
    - Differentiator
    - KIF
    - Kingfisher
    - Nimble
    - Pageboy
    - Realm
    - RealmSwift
    - Result
    - RxDataSources
    - RxRealm
    - RxRelay
    - SnapKit
    - Tabman

EXTERNAL SOURCES:
  Moya:
    :git: https://github.com/Moya/Moya.git
    :tag: 14.0.0-alpha.1
  RxCocoa:
    :git: https://github.com/ReactiveX/RxSwift.git
    :tag: 5.0.1
  RxSwift:
    :git: https://github.com/ReactiveX/RxSwift.git
    :tag: 5.0.1
  RxTest:
    :git: https://github.com/ReactiveX/RxSwift.git
    :tag: 5.0.1

CHECKOUT OPTIONS:
  Moya:
    :git: https://github.com/Moya/Moya.git
    :tag: 14.0.0-alpha.1
  RxCocoa:
    :git: https://github.com/ReactiveX/RxSwift.git
    :tag: 5.0.1
  RxSwift:
    :git: https://github.com/ReactiveX/RxSwift.git
    :tag: 5.0.1
  RxTest:
    :git: https://github.com/ReactiveX/RxSwift.git
    :tag: 5.0.1

SPEC CHECKSUMS:
  ActionSheetPicker-3.0: eef157d75e151f255c5333d26656c7fbfe905a51
  Alamofire: ae5c501addb7afdbb13687d7f2f722c78734c2d3
  AutoInsetter: 0c40f6505369c7b75cf7ac27e3cce2170293ac27
  Bugsnag: 004de6246295afd742093871d10ebaede63aa02c
  Differentiator: 886080237d9f87f322641dedbc5be257061b0602
  KIF: 6f525b18d4cca3d6445f3c5d683294e9157bd3f4
  Kingfisher: 6fe5e67a90fd335e49b0f5c075ff55ac5ebedd94
  Moya: 65485239114b3b327a17dc2e839f6c8b7143aae9
  Nimble: 45f786ae66faa9a709624227fae502db55a8bdd0
  Pageboy: b6e8f5082c23ef2490ddf21339fb6e19673d1453
  Realm: 9b834e1be6062f544805252c812348872dc5d4ed
  RealmSwift: 8a41886f8ab6efef9eb8df97de2f2bb911561a79
  Result: bd966fac789cc6c1563440b348ab2598cc24d5c7
  RxCocoa: dcceba42244a647ac976575f1b85b48030478ef1
  RxDataSources: efee07fa4de48477eca0a4611e6d11e2da9c1114
  RxRealm: 1e81dcfca1fb50c3e9b3e1f8102bc875c5156a2e
  RxRelay: 4f7409406a51a55cd88483f21ed898c234d60f18
  RxSwift: 3a0c158ad22a75080a707abd9dc9191149e03522
  RxTest: cfdad28bbd90a52106a71409a1b39e77fd4bf257
  SnapKit: fd22d10eb9aff484d79a8724eab922c1ddf89bcf
  Tabman: 6e0888c9b9227d9da03e51a90f1f91f53454bfa1

PODFILE CHECKSUM: 2e9783e88b20386f48d44a2e0dddd970cddd2b34

COCOAPODS: 1.5.3
